
Microsoft Visual Studio Solution File, Format Version 12.00
# Visual Studio Version 17
VisualStudioVersion = 17.14.36518.9 d17.14
MinimumVisualStudioVersion = 10.0.40219.1
Project("{8BC9CEB8-8B4A-11D0-8D11-00A0C91BC942}") = "MultidimensionalArray", "MultidimensionalArray\MultidimensionalArray.vcxproj", "{A3366BBB-0521-4E6E-A69B-CF6BF37F54E4}"
EndProject
Global
	GlobalSection(SolutionConfigurationPlatforms) = preSolution
		Debug|x64 = Debug|x64
		Debug|x86 = Debug|x86
		Release|x64 = Release|x64
		Release|x86 = Release|x86
	EndGlobalSection
	GlobalSection(ProjectConfigurationPlatforms) = postSolution
		{A3366BBB-0521-4E6E-A69B-CF6BF37F54E4}.Debug|x64.ActiveCfg = Debug|x64
		{A3366BBB-0521-4E6E-A69B-CF6BF37F54E4}.Debug|x64.Build.0 = Debug|x64
		{A3366BBB-0521-4E6E-A69B-CF6BF37F54E4}.Debug|x86.ActiveCfg = Debug|Win32
		{A3366BBB-0521-4E6E-A69B-CF6BF37F54E4}.Debug|x86.Build.0 = Debug|Win32
		{A3366BBB-0521-4E6E-A69B-CF6BF37F54E4}.Release|x64.ActiveCfg = Release|x64
		{A3366BBB-0521-4E6E-A69B-CF6BF37F54E4}.Release|x64.Build.0 = Release|x64
		{A3366BBB-0521-4E6E-A69B-CF6BF37F54E4}.Release|x86.ActiveCfg = Release|Win32
		{A3366BBB-0521-4E6E-A69B-CF6BF37F54E4}.Release|x86.Build.0 = Release|Win32
	EndGlobalSection
	GlobalSection(SolutionProperties) = preSolution
		HideSolutionNode = FALSE
	EndGlobalSection
	GlobalSection(ExtensibilityGlobals) = postSolution
		SolutionGuid = {0F9EC9D4-415A-4A1F-A666-3A40A84F7057}
	EndGlobalSection
EndGlobal
