
Microsoft Visual Studio Solution File, Format Version 12.00
# Visual Studio Version 17
VisualStudioVersion = 17.14.36429.23 d17.14
MinimumVisualStudioVersion = 10.0.40219.1
Project("{8BC9CEB8-8B4A-11D0-8D11-00A0C91BC942}") = "Classes 03", "Classes 03\Classes 03.vcxproj", "{C0262EC8-F78D-40EB-BD1F-D9EAC3757776}"
EndProject
Global
	GlobalSection(SolutionConfigurationPlatforms) = preSolution
		Debug|x64 = Debug|x64
		Debug|x86 = Debug|x86
		Release|x64 = Release|x64
		Release|x86 = Release|x86
	EndGlobalSection
	GlobalSection(ProjectConfigurationPlatforms) = postSolution
		{C0262EC8-F78D-40EB-BD1F-D9EAC3757776}.Debug|x64.ActiveCfg = Debug|x64
		{C0262EC8-F78D-40EB-BD1F-D9EAC3757776}.Debug|x64.Build.0 = Debug|x64
		{C0262EC8-F78D-40EB-BD1F-D9EAC3757776}.Debug|x86.ActiveCfg = Debug|Win32
		{C0262EC8-F78D-40EB-BD1F-D9EAC3757776}.Debug|x86.Build.0 = Debug|Win32
		{C0262EC8-F78D-40EB-BD1F-D9EAC3757776}.Release|x64.ActiveCfg = Release|x64
		{C0262EC8-F78D-40EB-BD1F-D9EAC3757776}.Release|x64.Build.0 = Release|x64
		{C0262EC8-F78D-40EB-BD1F-D9EAC3757776}.Release|x86.ActiveCfg = Release|Win32
		{C0262EC8-F78D-40EB-BD1F-D9EAC3757776}.Release|x86.Build.0 = Release|Win32
	EndGlobalSection
	GlobalSection(SolutionProperties) = preSolution
		HideSolutionNode = FALSE
	EndGlobalSection
	GlobalSection(ExtensibilityGlobals) = postSolution
		SolutionGuid = {CAD19AE1-62FC-43D3-802B-1DF3EB3D2BC3}
	EndGlobalSection
EndGlobal
